// !$*UTF8*$!
{
	archiveVersion = 1;
	classes = {
	};
	objectVersion = 56;
	objects = {

/* Begin PBXBuildFile section */
		F764CB152905CF8D00F1724B /* PosixSpawn.cpp in Sources */ = {isa = PBXBuildFile; fileRef = F764CB132905CF8D00F1724B /* PosixSpawn.cpp */; };
		F79A62DB28EE42C700E56152 /* main.cpp in Sources */ = {isa = PBXBuildFile; fileRef = F79A62DA28EE42C700E56152 /* main.cpp */; };
		F79A62E328EE42F200E56152 /* libpcap.tbd in Frameworks */ = {isa = PBXBuildFile; fileRef = F79A62E228EE42F100E56152 /* libpcap.tbd */; };
		F79A62E628F4E59C00E56152 /* Pcap.cpp in Sources */ = {isa = PBXBuildFile; fileRef = F79A62E428F4E59C00E56152 /* Pcap.cpp */; };
		F79A62E928F61C4700E56152 /* BpfProgram.cpp in Sources */ = {isa = PBXBuildFile; fileRef = F79A62E728F61C4700E56152 /* BpfProgram.cpp */; };
		F79A62EC28F624A400E56152 /* PosixSpawnFileActions.cpp in Sources */ = {isa = PBXBuildFile; fileRef = F79A62EA28F624A400E56152 /* PosixSpawnFileActions.cpp */; };
		F79A62EF28F72E4B00E56152 /* PosixSpawnAttr.cpp in Sources */ = {isa = PBXBuildFile; fileRef = F79A62ED28F72E4B00E56152 /* PosixSpawnAttr.cpp */; };
/* End PBXBuildFile section */

/* Begin PBXCopyFilesBuildPhase section */
		F79A62D528EE42C700E56152 /* CopyFiles */ = {
			isa = PBXCopyFilesBuildPhase;
			buildActionMask = 2147483647;
			dstPath = /usr/share/man/man1/;
			dstSubfolderSpec = 0;
			files = (
			);
			runOnlyForDeploymentPostprocessing = 1;
		};
/* End PBXCopyFilesBuildPhase section */

/* Begin PBXFileReference section */
		F764CB132905CF8D00F1724B /* PosixSpawn.cpp */ = {isa = PBXFileReference; lastKnownFileType = sourcecode.cpp.cpp; path = PosixSpawn.cpp; sourceTree = "<group>"; };
		F764CB142905CF8D00F1724B /* PosixSpawn.hpp */ = {isa = PBXFileReference; lastKnownFileType = sourcecode.cpp.h; path = PosixSpawn.hpp; sourceTree = "<group>"; };
		F79A62D728EE42C700E56152 /* netscan */ = {isa = PBXFileReference; explicitFileType = "compiled.mach-o.executable"; includeInIndex = 0; path = netscan; sourceTree = BUILT_PRODUCTS_DIR; };
		F79A62DA28EE42C700E56152 /* main.cpp */ = {isa = PBXFileReference; lastKnownFileType = sourcecode.cpp.cpp; path = main.cpp; sourceTree = "<group>"; };
		F79A62E228EE42F100E56152 /* libpcap.tbd */ = {isa = PBXFileReference; lastKnownFileType = "sourcecode.text-based-dylib-definition"; name = libpcap.tbd; path = usr/lib/libpcap.tbd; sourceTree = SDKROOT; };
		F79A62E428F4E59C00E56152 /* Pcap.cpp */ = {isa = PBXFileReference; lastKnownFileType = sourcecode.cpp.cpp; path = Pcap.cpp; sourceTree = "<group>"; };
		F79A62E528F4E59C00E56152 /* Pcap.hpp */ = {isa = PBXFileReference; lastKnownFileType = sourcecode.cpp.h; path = Pcap.hpp; sourceTree = "<group>"; };
		F79A62E728F61C4700E56152 /* BpfProgram.cpp */ = {isa = PBXFileReference; lastKnownFileType = sourcecode.cpp.cpp; path = BpfProgram.cpp; sourceTree = "<group>"; };
		F79A62E828F61C4700E56152 /* BpfProgram.hpp */ = {isa = PBXFileReference; lastKnownFileType = sourcecode.cpp.h; path = BpfProgram.hpp; sourceTree = "<group>"; };
		F79A62EA28F624A400E56152 /* PosixSpawnFileActions.cpp */ = {isa = PBXFileReference; lastKnownFileType = sourcecode.cpp.cpp; path = PosixSpawnFileActions.cpp; sourceTree = "<group>"; };
		F79A62EB28F624A400E56152 /* PosixSpawnFileActions.hpp */ = {isa = PBXFileReference; lastKnownFileType = sourcecode.cpp.h; path = PosixSpawnFileActions.hpp; sourceTree = "<group>"; };
		F79A62ED28F72E4B00E56152 /* PosixSpawnAttr.cpp */ = {isa = PBXFileReference; lastKnownFileType = sourcecode.cpp.cpp; path = PosixSpawnAttr.cpp; sourceTree = "<group>"; };
		F79A62EE28F72E4B00E56152 /* PosixSpawnAttr.hpp */ = {isa = PBXFileReference; lastKnownFileType = sourcecode.cpp.h; path = PosixSpawnAttr.hpp; sourceTree = "<group>"; };
/* End PBXFileReference section */

/* Begin PBXFrameworksBuildPhase section */
		F79A62D428EE42C700E56152 /* Frameworks */ = {
			isa = PBXFrameworksBuildPhase;
			buildActionMask = 2147483647;
			files = (
				F79A62E328EE42F200E56152 /* libpcap.tbd in Frameworks */,
			);
			runOnlyForDeploymentPostprocessing = 0;
		};
/* End PBXFrameworksBuildPhase section */

/* Begin PBXGroup section */
		F79A62CE28EE42C700E56152 = {
			isa = PBXGroup;
			children = (
				F79A62D928EE42C700E56152 /* netscan */,
				F79A62D828EE42C700E56152 /* Products */,
				F79A62E128EE42F100E56152 /* Frameworks */,
			);
			sourceTree = "<group>";
		};
		F79A62D828EE42C700E56152 /* Products */ = {
			isa = PBXGroup;
			children = (
				F79A62D728EE42C700E56152 /* netscan */,
			);
			name = Products;
			sourceTree = "<group>";
		};
		F79A62D928EE42C700E56152 /* netscan */ = {
			isa = PBXGroup;
			children = (
				F79A62DA28EE42C700E56152 /* main.cpp */,
				F79A62E428F4E59C00E56152 /* Pcap.cpp */,
				F79A62E528F4E59C00E56152 /* Pcap.hpp */,
				F79A62E728F61C4700E56152 /* BpfProgram.cpp */,
				F79A62E828F61C4700E56152 /* BpfProgram.hpp */,
				F79A62EA28F624A400E56152 /* PosixSpawnFileActions.cpp */,
				F79A62EB28F624A400E56152 /* PosixSpawnFileActions.hpp */,
				F79A62ED28F72E4B00E56152 /* PosixSpawnAttr.cpp */,
				F79A62EE28F72E4B00E56152 /* PosixSpawnAttr.hpp */,
				F764CB132905CF8D00F1724B /* PosixSpawn.cpp */,
				F764CB142905CF8D00F1724B /* PosixSpawn.hpp */,
			);
			path = netscan;
			sourceTree = "<group>";
		};
		F79A62E128EE42F100E56152 /* Frameworks */ = {
			isa = PBXGroup;
			children = (
				F79A62E228EE42F100E56152 /* libpcap.tbd */,
			);
			name = Frameworks;
			sourceTree = "<group>";
		};
/* End PBXGroup section */

/* Begin PBXNativeTarget section */
		F79A62D628EE42C700E56152 /* netscan */ = {
			isa = PBXNativeTarget;
			buildConfigurationList = F79A62DE28EE42C700E56152 /* Build configuration list for PBXNativeTarget "netscan" */;
			buildPhases = (
				F79A62D328EE42C700E56152 /* Sources */,
				F79A62D428EE42C700E56152 /* Frameworks */,
				F79A62D528EE42C700E56152 /* CopyFiles */,
			);
			buildRules = (
			);
			dependencies = (
			);
			name = netscan;
			productName = netscan;
			productReference = F79A62D728EE42C700E56152 /* netscan */;
			productType = "com.apple.product-type.tool";
		};
/* End PBXNativeTarget section */

/* Begin PBXProject section */
		F79A62CF28EE42C700E56152 /* Project object */ = {
			isa = PBXProject;
			attributes = {
				BuildIndependentTargetsInParallel = 1;
				LastUpgradeCheck = 1400;
				TargetAttributes = {
					F79A62D628EE42C700E56152 = {
						CreatedOnToolsVersion = 14.0.1;
					};
				};
			};
			buildConfigurationList = F79A62D228EE42C700E56152 /* Build configuration list for PBXProject "netscan" */;
			compatibilityVersion = "Xcode 14.0";
			developmentRegion = en;
			hasScannedForEncodings = 0;
			knownRegions = (
				en,
				Base,
			);
			mainGroup = F79A62CE28EE42C700E56152;
			productRefGroup = F79A62D828EE42C700E56152 /* Products */;
			projectDirPath = "";
			projectRoot = "";
			targets = (
				F79A62D628EE42C700E56152 /* netscan */,
			);
		};
/* End PBXProject section */

/* Begin PBXSourcesBuildPhase section */
		F79A62D328EE42C700E56152 /* Sources */ = {
			isa = PBXSourcesBuildPhase;
			buildActionMask = 2147483647;
			files = (
				F79A62EF28F72E4B00E56152 /* PosixSpawnAttr.cpp in Sources */,
				F764CB152905CF8D00F1724B /* PosixSpawn.cpp in Sources */,
				F79A62DB28EE42C700E56152 /* main.cpp in Sources */,
				F79A62E628F4E59C00E56152 /* Pcap.cpp in Sources */,
				F79A62E928F61C4700E56152 /* BpfProgram.cpp in Sources */,
				F79A62EC28F624A400E56152 /* PosixSpawnFileActions.cpp in Sources */,
			);
			runOnlyForDeploymentPostprocessing = 0;
		};
/* End PBXSourcesBuildPhase section */

/* Begin XCBuildConfiguration section */
		F79A62DC28EE42C700E56152 /* Debug */ = {
			isa = XCBuildConfiguration;
			buildSettings = {
				ALWAYS_SEARCH_USER_PATHS = NO;
				CLANG_ANALYZER_NONNULL = YES;
				CLANG_ANALYZER_NUMBER_OBJECT_CONVERSION = YES_AGGRESSIVE;
				CLANG_CXX_LANGUAGE_STANDARD = "gnu++20";
				CLANG_ENABLE_MODULES = YES;
				CLANG_ENABLE_OBJC_ARC = YES;
				CLANG_ENABLE_OBJC_WEAK = YES;
				CLANG_WARN_BLOCK_CAPTURE_AUTORELEASING = YES;
				CLANG_WARN_BOOL_CONVERSION = YES;
				CLANG_WARN_COMMA = YES;
				CLANG_WARN_CONSTANT_CONVERSION = YES;
				CLANG_WARN_DEPRECATED_OBJC_IMPLEMENTATIONS = YES;
				CLANG_WARN_DIRECT_OBJC_ISA_USAGE = YES_ERROR;
				CLANG_WARN_DOCUMENTATION_COMMENTS = YES;
				CLANG_WARN_EMPTY_BODY = YES;
				CLANG_WARN_ENUM_CONVERSION = YES;
				CLANG_WARN_INFINITE_RECURSION = YES;
				CLANG_WARN_INT_CONVERSION = YES;
				CLANG_WARN_NON_LITERAL_NULL_CONVERSION = YES;
				CLANG_WARN_OBJC_IMPLICIT_RETAIN_SELF = YES;
				CLANG_WARN_OBJC_LITERAL_CONVERSION = YES;
				CLANG_WARN_OBJC_ROOT_CLASS = YES_ERROR;
				CLANG_WARN_QUOTED_INCLUDE_IN_FRAMEWORK_HEADER = YES;
				CLANG_WARN_RANGE_LOOP_ANALYSIS = YES;
				CLANG_WARN_STRICT_PROTOTYPES = YES;
				CLANG_WARN_SUSPICIOUS_MOVE = YES;
				CLANG_WARN_UNGUARDED_AVAILABILITY = YES_AGGRESSIVE;
				CLANG_WARN_UNREACHABLE_CODE = YES;
				CLANG_WARN__DUPLICATE_METHOD_MATCH = YES;
				COPY_PHASE_STRIP = NO;
				DEBUG_INFORMATION_FORMAT = dwarf;
				ENABLE_STRICT_OBJC_MSGSEND = YES;
				ENABLE_TESTABILITY = YES;
				GCC_C_LANGUAGE_STANDARD = gnu11;
				GCC_DYNAMIC_NO_PIC = NO;
				GCC_NO_COMMON_BLOCKS = YES;
				GCC_OPTIMIZATION_LEVEL = 0;
				GCC_PREPROCESSOR_DEFINITIONS = (
					"DEBUG=1",
					"$(inherited)",
				);
				GCC_WARN_64_TO_32_BIT_CONVERSION = YES;
				GCC_WARN_ABOUT_RETURN_TYPE = YES_ERROR;
				GCC_WARN_UNDECLARED_SELECTOR = YES;
				GCC_WARN_UNINITIALIZED_AUTOS = YES_AGGRESSIVE;
				GCC_WARN_UNUSED_FUNCTION = YES;
				GCC_WARN_UNUSED_VARIABLE = YES;
				MACOSX_DEPLOYMENT_TARGET = 12.3;
				MTL_ENABLE_DEBUG_INFO = INCLUDE_SOURCE;
				MTL_FAST_MATH = YES;
				ONLY_ACTIVE_ARCH = YES;
				SDKROOT = macosx;
			};
			name = Debug;
		};
		F79A62DD28EE42C700E56152 /* Release */ = {
			isa = XCBuildConfiguration;
			buildSettings = {
				ALWAYS_SEARCH_USER_PATHS = NO;
				CLANG_ANALYZER_NONNULL = YES;
				CLANG_ANALYZER_NUMBER_OBJECT_CONVERSION = YES_AGGRESSIVE;
				CLANG_CXX_LANGUAGE_STANDARD = "gnu++20";
				CLANG_ENABLE_MODULES = YES;
				CLANG_ENABLE_OBJC_ARC = YES;
				CLANG_ENABLE_OBJC_WEAK = YES;
				CLANG_WARN_BLOCK_CAPTURE_AUTORELEASING = YES;
				CLANG_WARN_BOOL_CONVERSION = YES;
				CLANG_WARN_COMMA = YES;
				CLANG_WARN_CONSTANT_CONVERSION = YES;
				CLANG_WARN_DEPRECATED_OBJC_IMPLEMENTATIONS = YES;
				CLANG_WARN_DIRECT_OBJC_ISA_USAGE = YES_ERROR;
				CLANG_WARN_DOCUMENTATION_COMMENTS = YES;
				CLANG_WARN_EMPTY_BODY = YES;
				CLANG_WARN_ENUM_CONVERSION = YES;
				CLANG_WARN_INFINITE_RECURSION = YES;
				CLANG_WARN_INT_CONVERSION = YES;
				CLANG_WARN_NON_LITERAL_NULL_CONVERSION = YES;
				CLANG_WARN_OBJC_IMPLICIT_RETAIN_SELF = YES;
				CLANG_WARN_OBJC_LITERAL_CONVERSION = YES;
				CLANG_WARN_OBJC_ROOT_CLASS = YES_ERROR;
				CLANG_WARN_QUOTED_INCLUDE_IN_FRAMEWORK_HEADER = YES;
				CLANG_WARN_RANGE_LOOP_ANALYSIS = YES;
				CLANG_WARN_STRICT_PROTOTYPES = YES;
				CLANG_WARN_SUSPICIOUS_MOVE = YES;
				CLANG_WARN_UNGUARDED_AVAILABILITY = YES_AGGRESSIVE;
				CLANG_WARN_UNREACHABLE_CODE = YES;
				CLANG_WARN__DUPLICATE_METHOD_MATCH = YES;
				COPY_PHASE_STRIP = NO;
				DEBUG_INFORMATION_FORMAT = "dwarf-with-dsym";
				ENABLE_NS_ASSERTIONS = NO;
				ENABLE_STRICT_OBJC_MSGSEND = YES;
				GCC_C_LANGUAGE_STANDARD = gnu11;
				GCC_NO_COMMON_BLOCKS = YES;
				GCC_WARN_64_TO_32_BIT_CONVERSION = YES;
				GCC_WARN_ABOUT_RETURN_TYPE = YES_ERROR;
				GCC_WARN_UNDECLARED_SELECTOR = YES;
				GCC_WARN_UNINITIALIZED_AUTOS = YES_AGGRESSIVE;
				GCC_WARN_UNUSED_FUNCTION = YES;
				GCC_WARN_UNUSED_VARIABLE = YES;
				MACOSX_DEPLOYMENT_TARGET = 12.3;
				MTL_ENABLE_DEBUG_INFO = NO;
				MTL_FAST_MATH = YES;
				SDKROOT = macosx;
			};
			name = Release;
		};
		F79A62DF28EE42C700E56152 /* Debug */ = {
			isa = XCBuildConfiguration;
			buildSettings = {
				CODE_SIGN_STYLE = Automatic;
				GCC_WARN_PEDANTIC = YES;
				HEADER_SEARCH_PATHS = (
					/usr/local/opt/boost/include,
					/usr/local/opt/fmt/include,
				);
				LIBRARY_SEARCH_PATHS = /usr/local/opt/fmt/lib;
				OTHER_LDFLAGS = "-lfmt";
				PRODUCT_NAME = "$(TARGET_NAME)";
			};
			name = Debug;
		};
		F79A62E028EE42C700E56152 /* Release */ = {
			isa = XCBuildConfiguration;
			buildSettings = {
				CODE_SIGN_STYLE = Automatic;
				GCC_WARN_PEDANTIC = YES;
				HEADER_SEARCH_PATHS = (
					/usr/local/opt/boost/include,
					/usr/local/opt/fmt/include,
				);
				LIBRARY_SEARCH_PATHS = /usr/local/opt/fmt/lib;
				OTHER_LDFLAGS = "-lfmt";
				PRODUCT_NAME = "$(TARGET_NAME)";
			};
			name = Release;
		};
/* End XCBuildConfiguration section */

/* Begin XCConfigurationList section */
		F79A62D228EE42C700E56152 /* Build configuration list for PBXProject "netscan" */ = {
			isa = XCConfigurationList;
			buildConfigurations = (
				F79A62DC28EE42C700E56152 /* Debug */,
				F79A62DD28EE42C700E56152 /* Release */,
			);
			defaultConfigurationIsVisible = 0;
			defaultConfigurationName = Release;
		};
		F79A62DE28EE42C700E56152 /* Build configuration list for PBXNativeTarget "netscan" */ = {
			isa = XCConfigurationList;
			buildConfigurations = (
				F79A62DF28EE42C700E56152 /* Debug */,
				F79A62E028EE42C700E56152 /* Release */,
			);
			defaultConfigurationIsVisible = 0;
			defaultConfigurationName = Release;
		};
/* End XCConfigurationList section */
	};
	rootObject = F79A62CF28EE42C700E56152 /* Project object */;
}
